{
  "nodes": {
    "CDDA-Soundpacks-src": {
      "flake": false,
      "locked": {
        "lastModified": 1717955664,
        "narHash": "sha256-wLSkljjwNxM8wOGvoh5mRxLPIIs5CtNQiFHi4TCFCus=",
        "owner": "Fris0uman",
        "repo": "CDDA-Soundpacks",
        "rev": "73a730e0f05c73793eee8586a12ab1e590c325ff",
        "type": "github"
      },
      "original": {
        "owner": "Fris0uman",
        "repo": "CDDA-Soundpacks",
        "type": "github"
      }
    },
    "UnDeadPeople-src": {
      "flake": false,
      "locked": {
        "lastModified": 1723827509,
        "narHash": "sha256-DEFbJfkn/BAaJj9XLcXnXf9YFPqwe78UZi1954Umrag=",
        "owner": "Theawesomeboophis",
        "repo": "UnDeadPeopleTileSet",
        "rev": "65a9f538897643c084c93133861eb13e26d47db8",
        "type": "github"
      },
      "original": {
        "owner": "Theawesomeboophis",
        "repo": "UnDeadPeopleTileSet",
        "type": "github"
      }
    },
    "cdda-src": {
      "flake": false,
      "locked": {
        "lastModified": 1727809075,
        "narHash": "sha256-LqOIIWsWwzjbJ759eQyVpSDHA7zwXmA0vEl6zDCOUFc=",
        "owner": "CleverRaven",
        "repo": "Cataclysm-DDA",
        "rev": "800b75638752ee7185085d9b94af6aece99fa9b5",
        "type": "github"
      },
      "original": {
        "owner": "CleverRaven",
        "repo": "Cataclysm-DDA",
        "type": "github"
      }
    },
    "nixpkgs": {
      "locked": {
        "lastModified": 1727816238,
        "narHash": "sha256-D3X/AZSrn7BvclK1eBC0QYGakuCjIg+h/q0mFz4CrVY=",
        "owner": "NixOS",
        "repo": "nixpkgs",
        "rev": "ec19e50baea6170285c0a8425068da0cb322174f",
        "type": "github"
      },
      "original": {
        "owner": "NixOS",
        "repo": "nixpkgs",
        "type": "github"
      }
    },
    "root": {
      "inputs": {
        "CDDA-Soundpacks-src": "CDDA-Soundpacks-src",
        "UnDeadPeople-src": "UnDeadPeople-src",
        "cdda-src": "cdda-src",
        "nixpkgs": "nixpkgs"
      }
    }
  },
  "root": "root",
  "version": 7
}
