{
  "nodes": {
    "CDDA-Soundpacks-src": {
      "flake": false,
      "locked": {
        "lastModified": 1708591160,
        "narHash": "sha256-8QBkukRDpi7Wq5n1DYbQ8jYjPJmXdverk9s5jvSpfCA=",
        "owner": "Fris0uman",
        "repo": "CDDA-Soundpacks",
        "rev": "2430150690185ac7a872cc0c601e65c158130b63",
        "type": "github"
      },
      "original": {
        "owner": "Fris0uman",
        "repo": "CDDA-Soundpacks",
        "type": "github"
      }
    },
    "UnDeadPeople-src": {
      "flake": false,
      "locked": {
        "lastModified": 1711302026,
        "narHash": "sha256-AsZbNmsT3vr6V2Pyy+ui1Fo9Vsgaic417NGpQ0kxVH4=",
        "owner": "Theawesomeboophis",
        "repo": "UnDeadPeopleTileSet",
        "rev": "b0f51e949a9c16836144566cf0d4badbcf22c336",
        "type": "github"
      },
      "original": {
        "owner": "Theawesomeboophis",
        "repo": "UnDeadPeopleTileSet",
        "type": "github"
      }
    },
    "cdda-src": {
      "flake": false,
      "locked": {
        "lastModified": 1713936808,
        "narHash": "sha256-9EygeSzRIsGPq/bquR8VfQtwJZtcC0QA6win7yzBKWE=",
        "owner": "CleverRaven",
        "repo": "Cataclysm-DDA",
        "rev": "4551df27a6b0392e75778096aeb7531cbbb623d4",
        "type": "github"
      },
      "original": {
        "owner": "CleverRaven",
        "repo": "Cataclysm-DDA",
        "type": "github"
      }
    },
    "nixpkgs": {
      "locked": {
        "lastModified": 1713963279,
        "narHash": "sha256-elppsO7h62ZrjBprZYitWYK2A1Jt19tvbPeRGaxpyMo=",
        "owner": "NixOS",
        "repo": "nixpkgs",
        "rev": "35afb1b26bd09718fa7ce5f0d804e52091ab714e",
        "type": "github"
      },
      "original": {
        "owner": "NixOS",
        "repo": "nixpkgs",
        "type": "github"
      }
    },
    "root": {
      "inputs": {
        "CDDA-Soundpacks-src": "CDDA-Soundpacks-src",
        "UnDeadPeople-src": "UnDeadPeople-src",
        "cdda-src": "cdda-src",
        "nixpkgs": "nixpkgs"
      }
    }
  },
  "root": "root",
  "version": 7
}
